// !$*UTF8*$!
{
	archiveVersion = 1;
	classes = {
	};
	objectVersion = 50;
	objects = {

/* Begin PBXBuildFile section */
		4D122561243E629700D2C620 /* AppDelegate.swift in Sources */ = {isa = PBXBuildFile; fileRef = 4D122560243E629700D2C620 /* AppDelegate.swift */; };
		4D122563243E629700D2C620 /* SceneDelegate.swift in Sources */ = {isa = PBXBuildFile; fileRef = 4D122562243E629700D2C620 /* SceneDelegate.swift */; };
		4D122565243E629700D2C620 /* ViewController.swift in Sources */ = {isa = PBXBuildFile; fileRef = 4D122564243E629700D2C620 /* ViewController.swift */; };
		4D122568243E629700D2C620 /* Main.storyboard in Resources */ = {isa = PBXBuildFile; fileRef = 4D122566243E629700D2C620 /* Main.storyboard */; };
		4D12256A243E629800D2C620 /* Assets.xcassets in Resources */ = {isa = PBXBuildFile; fileRef = 4D122569243E629800D2C620 /* Assets.xcassets */; };
		4D12256D243E629800D2C620 /* LaunchScreen.storyboard in Resources */ = {isa = PBXBuildFile; fileRef = 4D12256B243E629800D2C620 /* LaunchScreen.storyboard */; };
		4D122578243E629800D2C620 /* stashTests.swift in Sources */ = {isa = PBXBuildFile; fileRef = 4D122577243E629800D2C620 /* stashTests.swift */; };
		4D122583243E629800D2C620 /* stashUITests.swift in Sources */ = {isa = PBXBuildFile; fileRef = 4D122582243E629800D2C620 /* stashUITests.swift */; };
		4D1233C72441005F00AF5DCE /* AchievementsAPI.swift in Sources */ = {isa = PBXBuildFile; fileRef = 4D1233C42441005F00AF5DCE /* AchievementsAPI.swift */; };
		4D1233C82441005F00AF5DCE /* AchievementServices.swift in Sources */ = {isa = PBXBuildFile; fileRef = 4D1233C52441005F00AF5DCE /* AchievementServices.swift */; };
		4D1233C92441005F00AF5DCE /* ServiceConstants.swift in Sources */ = {isa = PBXBuildFile; fileRef = 4D1233C62441005F00AF5DCE /* ServiceConstants.swift */; };
		4D1233CE2441008000AF5DCE /* MockURLProtocol.swift in Sources */ = {isa = PBXBuildFile; fileRef = 4D1233CC2441008000AF5DCE /* MockURLProtocol.swift */; };
		4D1233CF2441008000AF5DCE /* MockService.swift in Sources */ = {isa = PBXBuildFile; fileRef = 4D1233CD2441008000AF5DCE /* MockService.swift */; };
		4D1233D22441008A00AF5DCE /* APIHandler.swift in Sources */ = {isa = PBXBuildFile; fileRef = 4D1233D02441008A00AF5DCE /* APIHandler.swift */; };
		4D1233D32441008A00AF5DCE /* APILoader.swift in Sources */ = {isa = PBXBuildFile; fileRef = 4D1233D12441008A00AF5DCE /* APILoader.swift */; };
		4D1233D62441015100AF5DCE /* SharedData.swift in Sources */ = {isa = PBXBuildFile; fileRef = 4D1233D52441015100AF5DCE /* SharedData.swift */; };
		4D1233DA244101C100AF5DCE /* ServiceError.swift in Sources */ = {isa = PBXBuildFile; fileRef = 4D1233D8244101C100AF5DCE /* ServiceError.swift */; };
		4D1233DB244101C100AF5DCE /* AchievementsModels.swift in Sources */ = {isa = PBXBuildFile; fileRef = 4D1233D9244101C100AF5DCE /* AchievementsModels.swift */; };
		4D1233DF244101D400AF5DCE /* AppHelper.swift in Sources */ = {isa = PBXBuildFile; fileRef = 4D1233DD244101D400AF5DCE /* AppHelper.swift */; };
		4D1233E0244101D400AF5DCE /* Reachability.swift in Sources */ = {isa = PBXBuildFile; fileRef = 4D1233DE244101D400AF5DCE /* Reachability.swift */; };
		4D1233E3244101F200AF5DCE /* AchievementsBusiness.swift in Sources */ = {isa = PBXBuildFile; fileRef = 4D1233E2244101F200AF5DCE /* AchievementsBusiness.swift */; };
		4D1233FD2441282200AF5DCE /* AchievementsServiceTests.swift in Sources */ = {isa = PBXBuildFile; fileRef = 4D1233FC2441282200AF5DCE /* AchievementsServiceTests.swift */; };
		4D1233FF244128B700AF5DCE /* achievements.json in Resources */ = {isa = PBXBuildFile; fileRef = 4D1233FE244128B700AF5DCE /* achievements.json */; };
/* End PBXBuildFile section */

/* Begin PBXContainerItemProxy section */
		4D122574243E629800D2C620 /* PBXContainerItemProxy */ = {
			isa = PBXContainerItemProxy;
			containerPortal = 4D122555243E629700D2C620 /* Project object */;
			proxyType = 1;
			remoteGlobalIDString = 4D12255C243E629700D2C620;
			remoteInfo = stash;
		};
		4D12257F243E629800D2C620 /* PBXContainerItemProxy */ = {
			isa = PBXContainerItemProxy;
			containerPortal = 4D122555243E629700D2C620 /* Project object */;
			proxyType = 1;
			remoteGlobalIDString = 4D12255C243E629700D2C620;
			remoteInfo = stash;
		};
/* End PBXContainerItemProxy section */

/* Begin PBXFileReference section */
		4D12255D243E629700D2C620 /* stash.app */ = {isa = PBXFileReference; explicitFileType = wrapper.application; includeInIndex = 0; path = stash.app; sourceTree = BUILT_PRODUCTS_DIR; };
		4D122560243E629700D2C620 /* AppDelegate.swift */ = {isa = PBXFileReference; lastKnownFileType = sourcecode.swift; path = AppDelegate.swift; sourceTree = "<group>"; };
		4D122562243E629700D2C620 /* SceneDelegate.swift */ = {isa = PBXFileReference; lastKnownFileType = sourcecode.swift; path = SceneDelegate.swift; sourceTree = "<group>"; };
		4D122564243E629700D2C620 /* ViewController.swift */ = {isa = PBXFileReference; lastKnownFileType = sourcecode.swift; path = ViewController.swift; sourceTree = "<group>"; };
		4D122567243E629700D2C620 /* Base */ = {isa = PBXFileReference; lastKnownFileType = file.storyboard; name = Base; path = Base.lproj/Main.storyboard; sourceTree = "<group>"; };
		4D122569243E629800D2C620 /* Assets.xcassets */ = {isa = PBXFileReference; lastKnownFileType = folder.assetcatalog; path = Assets.xcassets; sourceTree = "<group>"; };
		4D12256C243E629800D2C620 /* Base */ = {isa = PBXFileReference; lastKnownFileType = file.storyboard; name = Base; path = Base.lproj/LaunchScreen.storyboard; sourceTree = "<group>"; };
		4D12256E243E629800D2C620 /* Info.plist */ = {isa = PBXFileReference; lastKnownFileType = text.plist.xml; path = Info.plist; sourceTree = "<group>"; };
		4D122573243E629800D2C620 /* stashTests.xctest */ = {isa = PBXFileReference; explicitFileType = wrapper.cfbundle; includeInIndex = 0; path = stashTests.xctest; sourceTree = BUILT_PRODUCTS_DIR; };
		4D122577243E629800D2C620 /* stashTests.swift */ = {isa = PBXFileReference; lastKnownFileType = sourcecode.swift; path = stashTests.swift; sourceTree = "<group>"; };
		4D122579243E629800D2C620 /* Info.plist */ = {isa = PBXFileReference; lastKnownFileType = text.plist.xml; path = Info.plist; sourceTree = "<group>"; };
		4D12257E243E629800D2C620 /* stashUITests.xctest */ = {isa = PBXFileReference; explicitFileType = wrapper.cfbundle; includeInIndex = 0; path = stashUITests.xctest; sourceTree = BUILT_PRODUCTS_DIR; };
		4D122582243E629800D2C620 /* stashUITests.swift */ = {isa = PBXFileReference; lastKnownFileType = sourcecode.swift; path = stashUITests.swift; sourceTree = "<group>"; };
		4D122584243E629800D2C620 /* Info.plist */ = {isa = PBXFileReference; lastKnownFileType = text.plist.xml; path = Info.plist; sourceTree = "<group>"; };
		4D1233C42441005F00AF5DCE /* AchievementsAPI.swift */ = {isa = PBXFileReference; fileEncoding = 4; lastKnownFileType = sourcecode.swift; path = AchievementsAPI.swift; sourceTree = "<group>"; };
		4D1233C52441005F00AF5DCE /* AchievementServices.swift */ = {isa = PBXFileReference; fileEncoding = 4; lastKnownFileType = sourcecode.swift; path = AchievementServices.swift; sourceTree = "<group>"; };
		4D1233C62441005F00AF5DCE /* ServiceConstants.swift */ = {isa = PBXFileReference; fileEncoding = 4; lastKnownFileType = sourcecode.swift; path = ServiceConstants.swift; sourceTree = "<group>"; };
		4D1233CC2441008000AF5DCE /* MockURLProtocol.swift */ = {isa = PBXFileReference; fileEncoding = 4; lastKnownFileType = sourcecode.swift; path = MockURLProtocol.swift; sourceTree = "<group>"; };
		4D1233CD2441008000AF5DCE /* MockService.swift */ = {isa = PBXFileReference; fileEncoding = 4; lastKnownFileType = sourcecode.swift; path = MockService.swift; sourceTree = "<group>"; };
		4D1233D02441008A00AF5DCE /* APIHandler.swift */ = {isa = PBXFileReference; fileEncoding = 4; lastKnownFileType = sourcecode.swift; path = APIHandler.swift; sourceTree = "<group>"; };
		4D1233D12441008A00AF5DCE /* APILoader.swift */ = {isa = PBXFileReference; fileEncoding = 4; lastKnownFileType = sourcecode.swift; path = APILoader.swift; sourceTree = "<group>"; };
		4D1233D52441015100AF5DCE /* SharedData.swift */ = {isa = PBXFileReference; fileEncoding = 4; lastKnownFileType = sourcecode.swift; path = SharedData.swift; sourceTree = "<group>"; };
		4D1233D8244101C100AF5DCE /* ServiceError.swift */ = {isa = PBXFileReference; fileEncoding = 4; lastKnownFileType = sourcecode.swift; path = ServiceError.swift; sourceTree = "<group>"; };
		4D1233D9244101C100AF5DCE /* AchievementsModels.swift */ = {isa = PBXFileReference; fileEncoding = 4; lastKnownFileType = sourcecode.swift; path = AchievementsModels.swift; sourceTree = "<group>"; };
		4D1233DD244101D400AF5DCE /* AppHelper.swift */ = {isa = PBXFileReference; fileEncoding = 4; lastKnownFileType = sourcecode.swift; path = AppHelper.swift; sourceTree = "<group>"; };
		4D1233DE244101D400AF5DCE /* Reachability.swift */ = {isa = PBXFileReference; fileEncoding = 4; lastKnownFileType = sourcecode.swift; path = Reachability.swift; sourceTree = "<group>"; };
		4D1233E2244101F200AF5DCE /* AchievementsBusiness.swift */ = {isa = PBXFileReference; fileEncoding = 4; lastKnownFileType = sourcecode.swift; path = AchievementsBusiness.swift; sourceTree = "<group>"; };
		4D1233FC2441282200AF5DCE /* AchievementsServiceTests.swift */ = {isa = PBXFileReference; lastKnownFileType = sourcecode.swift; path = AchievementsServiceTests.swift; sourceTree = "<group>"; };
		4D1233FE244128B700AF5DCE /* achievements.json */ = {isa = PBXFileReference; fileEncoding = 4; lastKnownFileType = text.json; path = achievements.json; sourceTree = "<group>"; };
/* End PBXFileReference section */

/* Begin PBXFrameworksBuildPhase section */
		4D12255A243E629700D2C620 /* Frameworks */ = {
			isa = PBXFrameworksBuildPhase;
			buildActionMask = 2147483647;
			files = (
			);
			runOnlyForDeploymentPostprocessing = 0;
		};
		4D122570243E629800D2C620 /* Frameworks */ = {
			isa = PBXFrameworksBuildPhase;
			buildActionMask = 2147483647;
			files = (
			);
			runOnlyForDeploymentPostprocessing = 0;
		};
		4D12257B243E629800D2C620 /* Frameworks */ = {
			isa = PBXFrameworksBuildPhase;
			buildActionMask = 2147483647;
			files = (
			);
			runOnlyForDeploymentPostprocessing = 0;
		};
/* End PBXFrameworksBuildPhase section */

/* Begin PBXGroup section */
		4D122554243E629700D2C620 = {
			isa = PBXGroup;
			children = (
				4D12255F243E629700D2C620 /* stash */,
				4D122576243E629800D2C620 /* stashTests */,
				4D122581243E629800D2C620 /* stashUITests */,
				4D12255E243E629700D2C620 /* Products */,
			);
			sourceTree = "<group>";
		};
		4D12255E243E629700D2C620 /* Products */ = {
			isa = PBXGroup;
			children = (
				4D12255D243E629700D2C620 /* stash.app */,
				4D122573243E629800D2C620 /* stashTests.xctest */,
				4D12257E243E629800D2C620 /* stashUITests.xctest */,
			);
			name = Products;
			sourceTree = "<group>";
		};
		4D12255F243E629700D2C620 /* stash */ = {
			isa = PBXGroup;
			children = (
				4D1233FE244128B700AF5DCE /* achievements.json */,
				4D1233E1244101DC00AF5DCE /* Business */,
				4D1233DC244101CC00AF5DCE /* Common */,
				4D1233D72441017B00AF5DCE /* Model */,
				4D1233D42441014700AF5DCE /* Presistance */,
				4D1233C32441004100AF5DCE /* Service */,
				4D122560243E629700D2C620 /* AppDelegate.swift */,
				4D122562243E629700D2C620 /* SceneDelegate.swift */,
				4D122564243E629700D2C620 /* ViewController.swift */,
				4D122566243E629700D2C620 /* Main.storyboard */,
				4D122569243E629800D2C620 /* Assets.xcassets */,
				4D12256B243E629800D2C620 /* LaunchScreen.storyboard */,
				4D12256E243E629800D2C620 /* Info.plist */,
			);
			path = stash;
			sourceTree = "<group>";
		};
		4D122576243E629800D2C620 /* stashTests */ = {
			isa = PBXGroup;
			children = (
				4D122577243E629800D2C620 /* stashTests.swift */,
				4D122579243E629800D2C620 /* Info.plist */,
				4D1233FC2441282200AF5DCE /* AchievementsServiceTests.swift */,
			);
			path = stashTests;
			sourceTree = "<group>";
		};
		4D122581243E629800D2C620 /* stashUITests */ = {
			isa = PBXGroup;
			children = (
				4D122582243E629800D2C620 /* stashUITests.swift */,
				4D122584243E629800D2C620 /* Info.plist */,
			);
			path = stashUITests;
			sourceTree = "<group>";
		};
		4D1233C32441004100AF5DCE /* Service */ = {
			isa = PBXGroup;
			children = (
				4D1233CB2441007600AF5DCE /* API */,
				4D1233CA2441006900AF5DCE /* Mocks */,
				4D1233C62441005F00AF5DCE /* ServiceConstants.swift */,
				4D1233C42441005F00AF5DCE /* AchievementsAPI.swift */,
				4D1233C52441005F00AF5DCE /* AchievementServices.swift */,
			);
			path = Service;
			sourceTree = "<group>";
		};
		4D1233CA2441006900AF5DCE /* Mocks */ = {
			isa = PBXGroup;
			children = (
				4D1233CD2441008000AF5DCE /* MockService.swift */,
				4D1233CC2441008000AF5DCE /* MockURLProtocol.swift */,
			);
			path = Mocks;
			sourceTree = "<group>";
		};
		4D1233CB2441007600AF5DCE /* API */ = {
			isa = PBXGroup;
			children = (
				4D1233D02441008A00AF5DCE /* APIHandler.swift */,
				4D1233D12441008A00AF5DCE /* APILoader.swift */,
			);
			name = API;
			sourceTree = "<group>";
		};
		4D1233D42441014700AF5DCE /* Presistance */ = {
			isa = PBXGroup;
			children = (
				4D1233D52441015100AF5DCE /* SharedData.swift */,
			);
			path = Presistance;
			sourceTree = "<group>";
		};
		4D1233D72441017B00AF5DCE /* Model */ = {
			isa = PBXGroup;
			children = (
				4D1233D8244101C100AF5DCE /* ServiceError.swift */,
				4D1233D9244101C100AF5DCE /* AchievementsModels.swift */,
			);
			path = Model;
			sourceTree = "<group>";
		};
		4D1233DC244101CC00AF5DCE /* Common */ = {
			isa = PBXGroup;
			children = (
				4D1233DD244101D400AF5DCE /* AppHelper.swift */,
				4D1233DE244101D400AF5DCE /* Reachability.swift */,
			);
			path = Common;
			sourceTree = "<group>";
		};
		4D1233E1244101DC00AF5DCE /* Business */ = {
			isa = PBXGroup;
			children = (
				4D1233E2244101F200AF5DCE /* AchievementsBusiness.swift */,
			);
			path = Business;
			sourceTree = "<group>";
		};
/* End PBXGroup section */

/* Begin PBXNativeTarget section */
		4D12255C243E629700D2C620 /* stash */ = {
			isa = PBXNativeTarget;
			buildConfigurationList = 4D122587243E629800D2C620 /* Build configuration list for PBXNativeTarget "stash" */;
			buildPhases = (
				4D122559243E629700D2C620 /* Sources */,
				4D12255A243E629700D2C620 /* Frameworks */,
				4D12255B243E629700D2C620 /* Resources */,
			);
			buildRules = (
			);
			dependencies = (
			);
			name = stash;
			productName = stash;
			productReference = 4D12255D243E629700D2C620 /* stash.app */;
			productType = "com.apple.product-type.application";
		};
		4D122572243E629800D2C620 /* stashTests */ = {
			isa = PBXNativeTarget;
			buildConfigurationList = 4D12258A243E629800D2C620 /* Build configuration list for PBXNativeTarget "stashTests" */;
			buildPhases = (
				4D12256F243E629800D2C620 /* Sources */,
				4D122570243E629800D2C620 /* Frameworks */,
				4D122571243E629800D2C620 /* Resources */,
			);
			buildRules = (
			);
			dependencies = (
				4D122575243E629800D2C620 /* PBXTargetDependency */,
			);
			name = stashTests;
			productName = stashTests;
			productReference = 4D122573243E629800D2C620 /* stashTests.xctest */;
			productType = "com.apple.product-type.bundle.unit-test";
		};
		4D12257D243E629800D2C620 /* stashUITests */ = {
			isa = PBXNativeTarget;
			buildConfigurationList = 4D12258D243E629800D2C620 /* Build configuration list for PBXNativeTarget "stashUITests" */;
			buildPhases = (
				4D12257A243E629800D2C620 /* Sources */,
				4D12257B243E629800D2C620 /* Frameworks */,
				4D12257C243E629800D2C620 /* Resources */,
			);
			buildRules = (
			);
			dependencies = (
				4D122580243E629800D2C620 /* PBXTargetDependency */,
			);
			name = stashUITests;
			productName = stashUITests;
			productReference = 4D12257E243E629800D2C620 /* stashUITests.xctest */;
			productType = "com.apple.product-type.bundle.ui-testing";
		};
/* End PBXNativeTarget section */

/* Begin PBXProject section */
		4D122555243E629700D2C620 /* Project object */ = {
			isa = PBXProject;
			attributes = {
				LastSwiftUpdateCheck = 1110;
				LastUpgradeCheck = 1110;
				ORGANIZATIONNAME = "Jonathan Green";
				TargetAttributes = {
					4D12255C243E629700D2C620 = {
						CreatedOnToolsVersion = 11.1;
					};
					4D122572243E629800D2C620 = {
						CreatedOnToolsVersion = 11.1;
						TestTargetID = 4D12255C243E629700D2C620;
					};
					4D12257D243E629800D2C620 = {
						CreatedOnToolsVersion = 11.1;
						TestTargetID = 4D12255C243E629700D2C620;
					};
				};
			};
			buildConfigurationList = 4D122558243E629700D2C620 /* Build configuration list for PBXProject "stash" */;
			compatibilityVersion = "Xcode 9.3";
			developmentRegion = en;
			hasScannedForEncodings = 0;
			knownRegions = (
				en,
				Base,
			);
			mainGroup = 4D122554243E629700D2C620;
			productRefGroup = 4D12255E243E629700D2C620 /* Products */;
			projectDirPath = "";
			projectRoot = "";
			targets = (
				4D12255C243E629700D2C620 /* stash */,
				4D122572243E629800D2C620 /* stashTests */,
				4D12257D243E629800D2C620 /* stashUITests */,
			);
		};
/* End PBXProject section */

/* Begin PBXResourcesBuildPhase section */
		4D12255B243E629700D2C620 /* Resources */ = {
			isa = PBXResourcesBuildPhase;
			buildActionMask = 2147483647;
			files = (
				4D12256D243E629800D2C620 /* LaunchScreen.storyboard in Resources */,
				4D1233FF244128B700AF5DCE /* achievements.json in Resources */,
				4D12256A243E629800D2C620 /* Assets.xcassets in Resources */,
				4D122568243E629700D2C620 /* Main.storyboard in Resources */,
			);
			runOnlyForDeploymentPostprocessing = 0;
		};
		4D122571243E629800D2C620 /* Resources */ = {
			isa = PBXResourcesBuildPhase;
			buildActionMask = 2147483647;
			files = (
			);
			runOnlyForDeploymentPostprocessing = 0;
		};
		4D12257C243E629800D2C620 /* Resources */ = {
			isa = PBXResourcesBuildPhase;
			buildActionMask = 2147483647;
			files = (
			);
			runOnlyForDeploymentPostprocessing = 0;
		};
/* End PBXResourcesBuildPhase section */

/* Begin PBXSourcesBuildPhase section */
		4D122559243E629700D2C620 /* Sources */ = {
			isa = PBXSourcesBuildPhase;
			buildActionMask = 2147483647;
			files = (
				4D1233D62441015100AF5DCE /* SharedData.swift in Sources */,
				4D122565243E629700D2C620 /* ViewController.swift in Sources */,
				4D1233C72441005F00AF5DCE /* AchievementsAPI.swift in Sources */,
				4D1233CF2441008000AF5DCE /* MockService.swift in Sources */,
				4D122561243E629700D2C620 /* AppDelegate.swift in Sources */,
				4D1233E3244101F200AF5DCE /* AchievementsBusiness.swift in Sources */,
				4D122563243E629700D2C620 /* SceneDelegate.swift in Sources */,
				4D1233C82441005F00AF5DCE /* AchievementServices.swift in Sources */,
				4D1233DB244101C100AF5DCE /* AchievementsModels.swift in Sources */,
				4D1233DA244101C100AF5DCE /* ServiceError.swift in Sources */,
				4D1233DF244101D400AF5DCE /* AppHelper.swift in Sources */,
				4D1233D32441008A00AF5DCE /* APILoader.swift in Sources */,
				4D1233D22441008A00AF5DCE /* APIHandler.swift in Sources */,
				4D1233C92441005F00AF5DCE /* ServiceConstants.swift in Sources */,
				4D1233E0244101D400AF5DCE /* Reachability.swift in Sources */,
				4D1233CE2441008000AF5DCE /* MockURLProtocol.swift in Sources */,
			);
			runOnlyForDeploymentPostprocessing = 0;
		};
		4D12256F243E629800D2C620 /* Sources */ = {
			isa = PBXSourcesBuildPhase;
			buildActionMask = 2147483647;
			files = (
				4D122578243E629800D2C620 /* stashTests.swift in Sources */,
				4D1233FD2441282200AF5DCE /* AchievementsServiceTests.swift in Sources */,
			);
			runOnlyForDeploymentPostprocessing = 0;
		};
		4D12257A243E629800D2C620 /* Sources */ = {
			isa = PBXSourcesBuildPhase;
			buildActionMask = 2147483647;
			files = (
				4D122583243E629800D2C620 /* stashUITests.swift in Sources */,
			);
			runOnlyForDeploymentPostprocessing = 0;
		};
/* End PBXSourcesBuildPhase section */

/* Begin PBXTargetDependency section */
		4D122575243E629800D2C620 /* PBXTargetDependency */ = {
			isa = PBXTargetDependency;
			target = 4D12255C243E629700D2C620 /* stash */;
			targetProxy = 4D122574243E629800D2C620 /* PBXContainerItemProxy */;
		};
		4D122580243E629800D2C620 /* PBXTargetDependency */ = {
			isa = PBXTargetDependency;
			target = 4D12255C243E629700D2C620 /* stash */;
			targetProxy = 4D12257F243E629800D2C620 /* PBXContainerItemProxy */;
		};
/* End PBXTargetDependency section */

/* Begin PBXVariantGroup section */
		4D122566243E629700D2C620 /* Main.storyboard */ = {
			isa = PBXVariantGroup;
			children = (
				4D122567243E629700D2C620 /* Base */,
			);
			name = Main.storyboard;
			sourceTree = "<group>";
		};
		4D12256B243E629800D2C620 /* LaunchScreen.storyboard */ = {
			isa = PBXVariantGroup;
			children = (
				4D12256C243E629800D2C620 /* Base */,
			);
			name = LaunchScreen.storyboard;
			sourceTree = "<group>";
		};
/* End PBXVariantGroup section */

/* Begin XCBuildConfiguration section */
		4D1233E424411B9000AF5DCE /* Debug (Development) */ = {
			isa = XCBuildConfiguration;
			buildSettings = {
				ALWAYS_SEARCH_USER_PATHS = NO;
				CLANG_ANALYZER_NONNULL = YES;
				CLANG_ANALYZER_NUMBER_OBJECT_CONVERSION = YES_AGGRESSIVE;
				CLANG_CXX_LANGUAGE_STANDARD = "gnu++14";
				CLANG_CXX_LIBRARY = "libc++";
				CLANG_ENABLE_MODULES = YES;
				CLANG_ENABLE_OBJC_ARC = YES;
				CLANG_ENABLE_OBJC_WEAK = YES;
				CLANG_WARN_BLOCK_CAPTURE_AUTORELEASING = YES;
				CLANG_WARN_BOOL_CONVERSION = YES;
				CLANG_WARN_COMMA = YES;
				CLANG_WARN_CONSTANT_CONVERSION = YES;
				CLANG_WARN_DEPRECATED_OBJC_IMPLEMENTATIONS = YES;
				CLANG_WARN_DIRECT_OBJC_ISA_USAGE = YES_ERROR;
				CLANG_WARN_DOCUMENTATION_COMMENTS = YES;
				CLANG_WARN_EMPTY_BODY = YES;
				CLANG_WARN_ENUM_CONVERSION = YES;
				CLANG_WARN_INFINITE_RECURSION = YES;
				CLANG_WARN_INT_CONVERSION = YES;
				CLANG_WARN_NON_LITERAL_NULL_CONVERSION = YES;
				CLANG_WARN_OBJC_IMPLICIT_RETAIN_SELF = YES;
				CLANG_WARN_OBJC_LITERAL_CONVERSION = YES;
				CLANG_WARN_OBJC_ROOT_CLASS = YES_ERROR;
				CLANG_WARN_RANGE_LOOP_ANALYSIS = YES;
				CLANG_WARN_STRICT_PROTOTYPES = YES;
				CLANG_WARN_SUSPICIOUS_MOVE = YES;
				CLANG_WARN_UNGUARDED_AVAILABILITY = YES_AGGRESSIVE;
				CLANG_WARN_UNREACHABLE_CODE = YES;
				CLANG_WARN__DUPLICATE_METHOD_MATCH = YES;
				COPY_PHASE_STRIP = NO;
				DEBUG_INFORMATION_FORMAT = dwarf;
				ENABLE_STRICT_OBJC_MSGSEND = YES;
				ENABLE_TESTABILITY = YES;
				GCC_C_LANGUAGE_STANDARD = gnu11;
				GCC_DYNAMIC_NO_PIC = NO;
				GCC_NO_COMMON_BLOCKS = YES;
				GCC_OPTIMIZATION_LEVEL = 0;
				GCC_PREPROCESSOR_DEFINITIONS = (
					"DEBUG=1",
					"$(inherited)",
				);
				GCC_WARN_64_TO_32_BIT_CONVERSION = YES;
				GCC_WARN_ABOUT_RETURN_TYPE = YES_ERROR;
				GCC_WARN_UNDECLARED_SELECTOR = YES;
				GCC_WARN_UNINITIALIZED_AUTOS = YES_AGGRESSIVE;
				GCC_WARN_UNUSED_FUNCTION = YES;
				GCC_WARN_UNUSED_VARIABLE = YES;
				IPHONEOS_DEPLOYMENT_TARGET = 13.1;
				MTL_ENABLE_DEBUG_INFO = INCLUDE_SOURCE;
				MTL_FAST_MATH = YES;
				ONLY_ACTIVE_ARCH = YES;
				SDKROOT = iphoneos;
				SWIFT_ACTIVE_COMPILATION_CONDITIONS = DEBUG;
				SWIFT_OPTIMIZATION_LEVEL = "-Onone";
			};
			name = "Debug (Development)";
		};
		4D1233E524411B9000AF5DCE /* Debug (Development) */ = {
			isa = XCBuildConfiguration;
			buildSettings = {
				ASSETCATALOG_COMPILER_APPICON_NAME = AppIcon;
				CODE_SIGN_STYLE = Automatic;
				INFOPLIST_FILE = stash/Info.plist;
				LD_RUNPATH_SEARCH_PATHS = (
					"$(inherited)",
					"@executable_path/Frameworks",
				);
				PRODUCT_BUNDLE_IDENTIFIER = boomer.stash;
				PRODUCT_NAME = "$(TARGET_NAME)";
				SWIFT_ACTIVE_COMPILATION_CONDITIONS = DEBUG;
				SWIFT_VERSION = 5.0;
				TARGETED_DEVICE_FAMILY = "1,2";
			};
			name = "Debug (Development)";
		};
		4D1233E624411B9000AF5DCE /* Debug (Development) */ = {
			isa = XCBuildConfiguration;
			buildSettings = {
				ALWAYS_EMBED_SWIFT_STANDARD_LIBRARIES = YES;
				BUNDLE_LOADER = "$(TEST_HOST)";
				CODE_SIGN_STYLE = Automatic;
				INFOPLIST_FILE = stashTests/Info.plist;
				IPHONEOS_DEPLOYMENT_TARGET = 13.1;
				LD_RUNPATH_SEARCH_PATHS = (
					"$(inherited)",
					"@executable_path/Frameworks",
					"@loader_path/Frameworks",
				);
				PRODUCT_BUNDLE_IDENTIFIER = boomer.stashTests;
				PRODUCT_NAME = "$(TARGET_NAME)";
				SWIFT_VERSION = 5.0;
				TARGETED_DEVICE_FAMILY = "1,2";
				TEST_HOST = "$(BUILT_PRODUCTS_DIR)/stash.app/stash";
			};
			name = "Debug (Development)";
		};
		4D1233E724411B9000AF5DCE /* Debug (Development) */ = {
			isa = XCBuildConfiguration;
			buildSettings = {
				ALWAYS_EMBED_SWIFT_STANDARD_LIBRARIES = YES;
				CODE_SIGN_STYLE = Automatic;
				INFOPLIST_FILE = stashUITests/Info.plist;
				LD_RUNPATH_SEARCH_PATHS = (
					"$(inherited)",
					"@executable_path/Frameworks",
					"@loader_path/Frameworks",
				);
				PRODUCT_BUNDLE_IDENTIFIER = boomer.stashUITests;
				PRODUCT_NAME = "$(TARGET_NAME)";
				SWIFT_VERSION = 5.0;
				TARGETED_DEVICE_FAMILY = "1,2";
				TEST_TARGET_NAME = stash;
			};
			name = "Debug (Development)";
		};
		4D1233E824411BB100AF5DCE /* Debug (Staging) */ = {
			isa = XCBuildConfiguration;
			buildSettings = {
				ALWAYS_SEARCH_USER_PATHS = NO;
				CLANG_ANALYZER_NONNULL = YES;
				CLANG_ANALYZER_NUMBER_OBJECT_CONVERSION = YES_AGGRESSIVE;
				CLANG_CXX_LANGUAGE_STANDARD = "gnu++14";
				CLANG_CXX_LIBRARY = "libc++";
				CLANG_ENABLE_MODULES = YES;
				CLANG_ENABLE_OBJC_ARC = YES;
				CLANG_ENABLE_OBJC_WEAK = YES;
				CLANG_WARN_BLOCK_CAPTURE_AUTORELEASING = YES;
				CLANG_WARN_BOOL_CONVERSION = YES;
				CLANG_WARN_COMMA = YES;
				CLANG_WARN_CONSTANT_CONVERSION = YES;
				CLANG_WARN_DEPRECATED_OBJC_IMPLEMENTATIONS = YES;
				CLANG_WARN_DIRECT_OBJC_ISA_USAGE = YES_ERROR;
				CLANG_WARN_DOCUMENTATION_COMMENTS = YES;
				CLANG_WARN_EMPTY_BODY = YES;
				CLANG_WARN_ENUM_CONVERSION = YES;
				CLANG_WARN_INFINITE_RECURSION = YES;
				CLANG_WARN_INT_CONVERSION = YES;
				CLANG_WARN_NON_LITERAL_NULL_CONVERSION = YES;
				CLANG_WARN_OBJC_IMPLICIT_RETAIN_SELF = YES;
				CLANG_WARN_OBJC_LITERAL_CONVERSION = YES;
				CLANG_WARN_OBJC_ROOT_CLASS = YES_ERROR;
				CLANG_WARN_RANGE_LOOP_ANALYSIS = YES;
				CLANG_WARN_STRICT_PROTOTYPES = YES;
				CLANG_WARN_SUSPICIOUS_MOVE = YES;
				CLANG_WARN_UNGUARDED_AVAILABILITY = YES_AGGRESSIVE;
				CLANG_WARN_UNREACHABLE_CODE = YES;
				CLANG_WARN__DUPLICATE_METHOD_MATCH = YES;
				COPY_PHASE_STRIP = NO;
				DEBUG_INFORMATION_FORMAT = dwarf;
				ENABLE_STRICT_OBJC_MSGSEND = YES;
				ENABLE_TESTABILITY = YES;
				GCC_C_LANGUAGE_STANDARD = gnu11;
				GCC_DYNAMIC_NO_PIC = NO;
				GCC_NO_COMMON_BLOCKS = YES;
				GCC_OPTIMIZATION_LEVEL = 0;
				GCC_PREPROCESSOR_DEFINITIONS = (
					"DEBUG=1",
					"$(inherited)",
				);
				GCC_WARN_64_TO_32_BIT_CONVERSION = YES;
				GCC_WARN_ABOUT_RETURN_TYPE = YES_ERROR;
				GCC_WARN_UNDECLARED_SELECTOR = YES;
				GCC_WARN_UNINITIALIZED_AUTOS = YES_AGGRESSIVE;
				GCC_WARN_UNUSED_FUNCTION = YES;
				GCC_WARN_UNUSED_VARIABLE = YES;
				IPHONEOS_DEPLOYMENT_TARGET = 13.1;
				MTL_ENABLE_DEBUG_INFO = INCLUDE_SOURCE;
				MTL_FAST_MATH = YES;
				ONLY_ACTIVE_ARCH = YES;
				SDKROOT = iphoneos;
				SWIFT_ACTIVE_COMPILATION_CONDITIONS = DEBUG;
				SWIFT_OPTIMIZATION_LEVEL = "-Onone";
			};
			name = "Debug (Staging)";
		};
		4D1233E924411BB100AF5DCE /* Debug (Staging) */ = {
			isa = XCBuildConfiguration;
			buildSettings = {
				ASSETCATALOG_COMPILER_APPICON_NAME = AppIcon;
				CODE_SIGN_STYLE = Automatic;
				INFOPLIST_FILE = stash/Info.plist;
				LD_RUNPATH_SEARCH_PATHS = (
					"$(inherited)",
					"@executable_path/Frameworks",
				);
				PRODUCT_BUNDLE_IDENTIFIER = boomer.stash;
				PRODUCT_NAME = "$(TARGET_NAME)";
				SWIFT_ACTIVE_COMPILATION_CONDITIONS = STAGING;
				SWIFT_VERSION = 5.0;
				TARGETED_DEVICE_FAMILY = "1,2";
			};
			name = "Debug (Staging)";
		};
		4D1233EA24411BB100AF5DCE /* Debug (Staging) */ = {
			isa = XCBuildConfiguration;
			buildSettings = {
				ALWAYS_EMBED_SWIFT_STANDARD_LIBRARIES = YES;
				BUNDLE_LOADER = "$(TEST_HOST)";
				CODE_SIGN_STYLE = Automatic;
				INFOPLIST_FILE = stashTests/Info.plist;
				IPHONEOS_DEPLOYMENT_TARGET = 13.1;
				LD_RUNPATH_SEARCH_PATHS = (
					"$(inherited)",
					"@executable_path/Frameworks",
					"@loader_path/Frameworks",
				);
				PRODUCT_BUNDLE_IDENTIFIER = boomer.stashTests;
				PRODUCT_NAME = "$(TARGET_NAME)";
				SWIFT_VERSION = 5.0;
				TARGETED_DEVICE_FAMILY = "1,2";
				TEST_HOST = "$(BUILT_PRODUCTS_DIR)/stash.app/stash";
			};
			name = "Debug (Staging)";
		};
		4D1233EB24411BB100AF5DCE /* Debug (Staging) */ = {
			isa = XCBuildConfiguration;
			buildSettings = {
				ALWAYS_EMBED_SWIFT_STANDARD_LIBRARIES = YES;
				CODE_SIGN_STYLE = Automatic;
				INFOPLIST_FILE = stashUITests/Info.plist;
				LD_RUNPATH_SEARCH_PATHS = (
					"$(inherited)",
					"@executable_path/Frameworks",
					"@loader_path/Frameworks",
				);
				PRODUCT_BUNDLE_IDENTIFIER = boomer.stashUITests;
				PRODUCT_NAME = "$(TARGET_NAME)";
				SWIFT_VERSION = 5.0;
				TARGETED_DEVICE_FAMILY = "1,2";
				TEST_TARGET_NAME = stash;
			};
			name = "Debug (Staging)";
		};
		4D1233EC24411BCD00AF5DCE /* Release (Development) */ = {
			isa = XCBuildConfiguration;
			buildSettings = {
				ALWAYS_SEARCH_USER_PATHS = NO;
				CLANG_ANALYZER_NONNULL = YES;
				CLANG_ANALYZER_NUMBER_OBJECT_CONVERSION = YES_AGGRESSIVE;
				CLANG_CXX_LANGUAGE_STANDARD = "gnu++14";
				CLANG_CXX_LIBRARY = "libc++";
				CLANG_ENABLE_MODULES = YES;
				CLANG_ENABLE_OBJC_ARC = YES;
				CLANG_ENABLE_OBJC_WEAK = YES;
				CLANG_WARN_BLOCK_CAPTURE_AUTORELEASING = YES;
				CLANG_WARN_BOOL_CONVERSION = YES;
				CLANG_WARN_COMMA = YES;
				CLANG_WARN_CONSTANT_CONVERSION = YES;
				CLANG_WARN_DEPRECATED_OBJC_IMPLEMENTATIONS = YES;
				CLANG_WARN_DIRECT_OBJC_ISA_USAGE = YES_ERROR;
				CLANG_WARN_DOCUMENTATION_COMMENTS = YES;
				CLANG_WARN_EMPTY_BODY = YES;
				CLANG_WARN_ENUM_CONVERSION = YES;
				CLANG_WARN_INFINITE_RECURSION = YES;
				CLANG_WARN_INT_CONVERSION = YES;
				CLANG_WARN_NON_LITERAL_NULL_CONVERSION = YES;
				CLANG_WARN_OBJC_IMPLICIT_RETAIN_SELF = YES;
				CLANG_WARN_OBJC_LITERAL_CONVERSION = YES;
				CLANG_WARN_OBJC_ROOT_CLASS = YES_ERROR;
				CLANG_WARN_RANGE_LOOP_ANALYSIS = YES;
				CLANG_WARN_STRICT_PROTOTYPES = YES;
				CLANG_WARN_SUSPICIOUS_MOVE = YES;
				CLANG_WARN_UNGUARDED_AVAILABILITY = YES_AGGRESSIVE;
				CLANG_WARN_UNREACHABLE_CODE = YES;
				CLANG_WARN__DUPLICATE_METHOD_MATCH = YES;
				COPY_PHASE_STRIP = NO;
				DEBUG_INFORMATION_FORMAT = "dwarf-with-dsym";
				ENABLE_NS_ASSERTIONS = NO;
				ENABLE_STRICT_OBJC_MSGSEND = YES;
				GCC_C_LANGUAGE_STANDARD = gnu11;
				GCC_NO_COMMON_BLOCKS = YES;
				GCC_WARN_64_TO_32_BIT_CONVERSION = YES;
				GCC_WARN_ABOUT_RETURN_TYPE = YES_ERROR;
				GCC_WARN_UNDECLARED_SELECTOR = YES;
				GCC_WARN_UNINITIALIZED_AUTOS = YES_AGGRESSIVE;
				GCC_WARN_UNUSED_FUNCTION = YES;
				GCC_WARN_UNUSED_VARIABLE = YES;
				IPHONEOS_DEPLOYMENT_TARGET = 13.1;
				MTL_ENABLE_DEBUG_INFO = NO;
				MTL_FAST_MATH = YES;
				SDKROOT = iphoneos;
				SWIFT_COMPILATION_MODE = wholemodule;
				SWIFT_OPTIMIZATION_LEVEL = "-O";
				VALIDATE_PRODUCT = YES;
			};
			name = "Release (Development)";
		};
		4D1233ED24411BCD00AF5DCE /* Release (Development) */ = {
			isa = XCBuildConfiguration;
			buildSettings = {
				ASSETCATALOG_COMPILER_APPICON_NAME = AppIcon;
				CODE_SIGN_STYLE = Automatic;
				INFOPLIST_FILE = stash/Info.plist;
				LD_RUNPATH_SEARCH_PATHS = (
					"$(inherited)",
					"@executable_path/Frameworks",
				);
				PRODUCT_BUNDLE_IDENTIFIER = boomer.stash;
				PRODUCT_NAME = "$(TARGET_NAME)";
				SWIFT_VERSION = 5.0;
				TARGETED_DEVICE_FAMILY = "1,2";
			};
			name = "Release (Development)";
		};
		4D1233EE24411BCD00AF5DCE /* Release (Development) */ = {
			isa = XCBuildConfiguration;
			buildSettings = {
				ALWAYS_EMBED_SWIFT_STANDARD_LIBRARIES = YES;
				BUNDLE_LOADER = "$(TEST_HOST)";
				CODE_SIGN_STYLE = Automatic;
				INFOPLIST_FILE = stashTests/Info.plist;
				IPHONEOS_DEPLOYMENT_TARGET = 13.1;
				LD_RUNPATH_SEARCH_PATHS = (
					"$(inherited)",
					"@executable_path/Frameworks",
					"@loader_path/Frameworks",
				);
				PRODUCT_BUNDLE_IDENTIFIER = boomer.stashTests;
				PRODUCT_NAME = "$(TARGET_NAME)";
				SWIFT_VERSION = 5.0;
				TARGETED_DEVICE_FAMILY = "1,2";
				TEST_HOST = "$(BUILT_PRODUCTS_DIR)/stash.app/stash";
			};
			name = "Release (Development)";
		};
		4D1233EF24411BCD00AF5DCE /* Release (Development) */ = {
			isa = XCBuildConfiguration;
			buildSettings = {
				ALWAYS_EMBED_SWIFT_STANDARD_LIBRARIES = YES;
				CODE_SIGN_STYLE = Automatic;
				INFOPLIST_FILE = stashUITests/Info.plist;
				LD_RUNPATH_SEARCH_PATHS = (
					"$(inherited)",
					"@executable_path/Frameworks",
					"@loader_path/Frameworks",
				);
				PRODUCT_BUNDLE_IDENTIFIER = boomer.stashUITests;
				PRODUCT_NAME = "$(TARGET_NAME)";
				SWIFT_VERSION = 5.0;
				TARGETED_DEVICE_FAMILY = "1,2";
				TEST_TARGET_NAME = stash;
			};
			name = "Release (Development)";
		};
		4D1233F024411BDF00AF5DCE /* Release (Staging) */ = {
			isa = XCBuildConfiguration;
			buildSettings = {
				ALWAYS_SEARCH_USER_PATHS = NO;
				CLANG_ANALYZER_NONNULL = YES;
				CLANG_ANALYZER_NUMBER_OBJECT_CONVERSION = YES_AGGRESSIVE;
				CLANG_CXX_LANGUAGE_STANDARD = "gnu++14";
				CLANG_CXX_LIBRARY = "libc++";
				CLANG_ENABLE_MODULES = YES;
				CLANG_ENABLE_OBJC_ARC = YES;
				CLANG_ENABLE_OBJC_WEAK = YES;
				CLANG_WARN_BLOCK_CAPTURE_AUTORELEASING = YES;
				CLANG_WARN_BOOL_CONVERSION = YES;
				CLANG_WARN_COMMA = YES;
				CLANG_WARN_CONSTANT_CONVERSION = YES;
				CLANG_WARN_DEPRECATED_OBJC_IMPLEMENTATIONS = YES;
				CLANG_WARN_DIRECT_OBJC_ISA_USAGE = YES_ERROR;
				CLANG_WARN_DOCUMENTATION_COMMENTS = YES;
				CLANG_WARN_EMPTY_BODY = YES;
				CLANG_WARN_ENUM_CONVERSION = YES;
				CLANG_WARN_INFINITE_RECURSION = YES;
				CLANG_WARN_INT_CONVERSION = YES;
				CLANG_WARN_NON_LITERAL_NULL_CONVERSION = YES;
				CLANG_WARN_OBJC_IMPLICIT_RETAIN_SELF = YES;
				CLANG_WARN_OBJC_LITERAL_CONVERSION = YES;
				CLANG_WARN_OBJC_ROOT_CLASS = YES_ERROR;
				CLANG_WARN_RANGE_LOOP_ANALYSIS = YES;
				CLANG_WARN_STRICT_PROTOTYPES = YES;
				CLANG_WARN_SUSPICIOUS_MOVE = YES;
				CLANG_WARN_UNGUARDED_AVAILABILITY = YES_AGGRESSIVE;
				CLANG_WARN_UNREACHABLE_CODE = YES;
				CLANG_WARN__DUPLICATE_METHOD_MATCH = YES;
				COPY_PHASE_STRIP = NO;
				DEBUG_INFORMATION_FORMAT = "dwarf-with-dsym";
				ENABLE_NS_ASSERTIONS = NO;
				ENABLE_STRICT_OBJC_MSGSEND = YES;
				GCC_C_LANGUAGE_STANDARD = gnu11;
				GCC_NO_COMMON_BLOCKS = YES;
				GCC_WARN_64_TO_32_BIT_CONVERSION = YES;
				GCC_WARN_ABOUT_RETURN_TYPE = YES_ERROR;
				GCC_WARN_UNDECLARED_SELECTOR = YES;
				GCC_WARN_UNINITIALIZED_AUTOS = YES_AGGRESSIVE;
				GCC_WARN_UNUSED_FUNCTION = YES;
				GCC_WARN_UNUSED_VARIABLE = YES;
				IPHONEOS_DEPLOYMENT_TARGET = 13.1;
				MTL_ENABLE_DEBUG_INFO = NO;
				MTL_FAST_MATH = YES;
				SDKROOT = iphoneos;
				SWIFT_COMPILATION_MODE = wholemodule;
				SWIFT_OPTIMIZATION_LEVEL = "-O";
				VALIDATE_PRODUCT = YES;
			};
			name = "Release (Staging)";
		};
		4D1233F124411BDF00AF5DCE /* Release (Staging) */ = {
			isa = XCBuildConfiguration;
			buildSettings = {
				ASSETCATALOG_COMPILER_APPICON_NAME = AppIcon;
				CODE_SIGN_STYLE = Automatic;
				INFOPLIST_FILE = stash/Info.plist;
				LD_RUNPATH_SEARCH_PATHS = (
					"$(inherited)",
					"@executable_path/Frameworks",
				);
				PRODUCT_BUNDLE_IDENTIFIER = boomer.stash;
				PRODUCT_NAME = "$(TARGET_NAME)";
				SWIFT_VERSION = 5.0;
				TARGETED_DEVICE_FAMILY = "1,2";
			};
			name = "Release (Staging)";
		};
		4D1233F224411BDF00AF5DCE /* Release (Staging) */ = {
			isa = XCBuildConfiguration;
			buildSettings = {
				ALWAYS_EMBED_SWIFT_STANDARD_LIBRARIES = YES;
				BUNDLE_LOADER = "$(TEST_HOST)";
				CODE_SIGN_STYLE = Automatic;
				INFOPLIST_FILE = stashTests/Info.plist;
				IPHONEOS_DEPLOYMENT_TARGET = 13.1;
				LD_RUNPATH_SEARCH_PATHS = (
					"$(inherited)",
					"@executable_path/Frameworks",
					"@loader_path/Frameworks",
				);
				PRODUCT_BUNDLE_IDENTIFIER = boomer.stashTests;
				PRODUCT_NAME = "$(TARGET_NAME)";
				SWIFT_VERSION = 5.0;
				TARGETED_DEVICE_FAMILY = "1,2";
				TEST_HOST = "$(BUILT_PRODUCTS_DIR)/stash.app/stash";
			};
			name = "Release (Staging)";
		};
		4D1233F324411BDF00AF5DCE /* Release (Staging) */ = {
			isa = XCBuildConfiguration;
			buildSettings = {
				ALWAYS_EMBED_SWIFT_STANDARD_LIBRARIES = YES;
				CODE_SIGN_STYLE = Automatic;
				INFOPLIST_FILE = stashUITests/Info.plist;
				LD_RUNPATH_SEARCH_PATHS = (
					"$(inherited)",
					"@executable_path/Frameworks",
					"@loader_path/Frameworks",
				);
				PRODUCT_BUNDLE_IDENTIFIER = boomer.stashUITests;
				PRODUCT_NAME = "$(TARGET_NAME)";
				SWIFT_VERSION = 5.0;
				TARGETED_DEVICE_FAMILY = "1,2";
				TEST_TARGET_NAME = stash;
			};
			name = "Release (Staging)";
		};
		4D1233F424411BFB00AF5DCE /* Debug (Production) */ = {
			isa = XCBuildConfiguration;
			buildSettings = {
				ALWAYS_SEARCH_USER_PATHS = NO;
				CLANG_ANALYZER_NONNULL = YES;
				CLANG_ANALYZER_NUMBER_OBJECT_CONVERSION = YES_AGGRESSIVE;
				CLANG_CXX_LANGUAGE_STANDARD = "gnu++14";
				CLANG_CXX_LIBRARY = "libc++";
				CLANG_ENABLE_MODULES = YES;
				CLANG_ENABLE_OBJC_ARC = YES;
				CLANG_ENABLE_OBJC_WEAK = YES;
				CLANG_WARN_BLOCK_CAPTURE_AUTORELEASING = YES;
				CLANG_WARN_BOOL_CONVERSION = YES;
				CLANG_WARN_COMMA = YES;
				CLANG_WARN_CONSTANT_CONVERSION = YES;
				CLANG_WARN_DEPRECATED_OBJC_IMPLEMENTATIONS = YES;
				CLANG_WARN_DIRECT_OBJC_ISA_USAGE = YES_ERROR;
				CLANG_WARN_DOCUMENTATION_COMMENTS = YES;
				CLANG_WARN_EMPTY_BODY = YES;
				CLANG_WARN_ENUM_CONVERSION = YES;
				CLANG_WARN_INFINITE_RECURSION = YES;
				CLANG_WARN_INT_CONVERSION = YES;
				CLANG_WARN_NON_LITERAL_NULL_CONVERSION = YES;
				CLANG_WARN_OBJC_IMPLICIT_RETAIN_SELF = YES;
				CLANG_WARN_OBJC_LITERAL_CONVERSION = YES;
				CLANG_WARN_OBJC_ROOT_CLASS = YES_ERROR;
				CLANG_WARN_RANGE_LOOP_ANALYSIS = YES;
				CLANG_WARN_STRICT_PROTOTYPES = YES;
				CLANG_WARN_SUSPICIOUS_MOVE = YES;
				CLANG_WARN_UNGUARDED_AVAILABILITY = YES_AGGRESSIVE;
				CLANG_WARN_UNREACHABLE_CODE = YES;
				CLANG_WARN__DUPLICATE_METHOD_MATCH = YES;
				COPY_PHASE_STRIP = NO;
				DEBUG_INFORMATION_FORMAT = dwarf;
				ENABLE_STRICT_OBJC_MSGSEND = YES;
				ENABLE_TESTABILITY = YES;
				GCC_C_LANGUAGE_STANDARD = gnu11;
				GCC_DYNAMIC_NO_PIC = NO;
				GCC_NO_COMMON_BLOCKS = YES;
				GCC_OPTIMIZATION_LEVEL = 0;
				GCC_PREPROCESSOR_DEFINITIONS = (
					"DEBUG=1",
					"$(inherited)",
				);
				GCC_WARN_64_TO_32_BIT_CONVERSION = YES;
				GCC_WARN_ABOUT_RETURN_TYPE = YES_ERROR;
				GCC_WARN_UNDECLARED_SELECTOR = YES;
				GCC_WARN_UNINITIALIZED_AUTOS = YES_AGGRESSIVE;
				GCC_WARN_UNUSED_FUNCTION = YES;
				GCC_WARN_UNUSED_VARIABLE = YES;
				IPHONEOS_DEPLOYMENT_TARGET = 13.1;
				MTL_ENABLE_DEBUG_INFO = INCLUDE_SOURCE;
				MTL_FAST_MATH = YES;
				ONLY_ACTIVE_ARCH = YES;
				SDKROOT = iphoneos;
				SWIFT_ACTIVE_COMPILATION_CONDITIONS = DEBUG;
				SWIFT_OPTIMIZATION_LEVEL = "-Onone";
			};
			name = "Debug (Production)";
		};
		4D1233F524411BFB00AF5DCE /* Debug (Production) */ = {
			isa = XCBuildConfiguration;
			buildSettings = {
				ASSETCATALOG_COMPILER_APPICON_NAME = AppIcon;
				CODE_SIGN_STYLE = Automatic;
				INFOPLIST_FILE = stash/Info.plist;
				LD_RUNPATH_SEARCH_PATHS = (
					"$(inherited)",
					"@executable_path/Frameworks",
				);
				PRODUCT_BUNDLE_IDENTIFIER = boomer.stash;
				PRODUCT_NAME = "$(TARGET_NAME)";
				SWIFT_ACTIVE_COMPILATION_CONDITIONS = PRODUCTION;
				SWIFT_VERSION = 5.0;
				TARGETED_DEVICE_FAMILY = "1,2";
			};
			name = "Debug (Production)";
		};
		4D1233F624411BFB00AF5DCE /* Debug (Production) */ = {
			isa = XCBuildConfiguration;
			buildSettings = {
				ALWAYS_EMBED_SWIFT_STANDARD_LIBRARIES = YES;
				BUNDLE_LOADER = "$(TEST_HOST)";
				CODE_SIGN_STYLE = Automatic;
				INFOPLIST_FILE = stashTests/Info.plist;
				IPHONEOS_DEPLOYMENT_TARGET = 13.1;
				LD_RUNPATH_SEARCH_PATHS = (
					"$(inherited)",
					"@executable_path/Frameworks",
					"@loader_path/Frameworks",
				);
				PRODUCT_BUNDLE_IDENTIFIER = boomer.stashTests;
				PRODUCT_NAME = "$(TARGET_NAME)";
				SWIFT_VERSION = 5.0;
				TARGETED_DEVICE_FAMILY = "1,2";
				TEST_HOST = "$(BUILT_PRODUCTS_DIR)/stash.app/stash";
			};
			name = "Debug (Production)";
		};
		4D1233F724411BFB00AF5DCE /* Debug (Production) */ = {
			isa = XCBuildConfiguration;
			buildSettings = {
				ALWAYS_EMBED_SWIFT_STANDARD_LIBRARIES = YES;
				CODE_SIGN_STYLE = Automatic;
				INFOPLIST_FILE = stashUITests/Info.plist;
				LD_RUNPATH_SEARCH_PATHS = (
					"$(inherited)",
					"@executable_path/Frameworks",
					"@loader_path/Frameworks",
				);
				PRODUCT_BUNDLE_IDENTIFIER = boomer.stashUITests;
				PRODUCT_NAME = "$(TARGET_NAME)";
				SWIFT_VERSION = 5.0;
				TARGETED_DEVICE_FAMILY = "1,2";
				TEST_TARGET_NAME = stash;
			};
			name = "Debug (Production)";
		};
		4D1233F824411C0900AF5DCE /* Release (Production) */ = {
			isa = XCBuildConfiguration;
			buildSettings = {
				ALWAYS_SEARCH_USER_PATHS = NO;
				CLANG_ANALYZER_NONNULL = YES;
				CLANG_ANALYZER_NUMBER_OBJECT_CONVERSION = YES_AGGRESSIVE;
				CLANG_CXX_LANGUAGE_STANDARD = "gnu++14";
				CLANG_CXX_LIBRARY = "libc++";
				CLANG_ENABLE_MODULES = YES;
				CLANG_ENABLE_OBJC_ARC = YES;
				CLANG_ENABLE_OBJC_WEAK = YES;
				CLANG_WARN_BLOCK_CAPTURE_AUTORELEASING = YES;
				CLANG_WARN_BOOL_CONVERSION = YES;
				CLANG_WARN_COMMA = YES;
				CLANG_WARN_CONSTANT_CONVERSION = YES;
				CLANG_WARN_DEPRECATED_OBJC_IMPLEMENTATIONS = YES;
				CLANG_WARN_DIRECT_OBJC_ISA_USAGE = YES_ERROR;
				CLANG_WARN_DOCUMENTATION_COMMENTS = YES;
				CLANG_WARN_EMPTY_BODY = YES;
				CLANG_WARN_ENUM_CONVERSION = YES;
				CLANG_WARN_INFINITE_RECURSION = YES;
				CLANG_WARN_INT_CONVERSION = YES;
				CLANG_WARN_NON_LITERAL_NULL_CONVERSION = YES;
				CLANG_WARN_OBJC_IMPLICIT_RETAIN_SELF = YES;
				CLANG_WARN_OBJC_LITERAL_CONVERSION = YES;
				CLANG_WARN_OBJC_ROOT_CLASS = YES_ERROR;
				CLANG_WARN_RANGE_LOOP_ANALYSIS = YES;
				CLANG_WARN_STRICT_PROTOTYPES = YES;
				CLANG_WARN_SUSPICIOUS_MOVE = YES;
				CLANG_WARN_UNGUARDED_AVAILABILITY = YES_AGGRESSIVE;
				CLANG_WARN_UNREACHABLE_CODE = YES;
				CLANG_WARN__DUPLICATE_METHOD_MATCH = YES;
				COPY_PHASE_STRIP = NO;
				DEBUG_INFORMATION_FORMAT = "dwarf-with-dsym";
				ENABLE_NS_ASSERTIONS = NO;
				ENABLE_STRICT_OBJC_MSGSEND = YES;
				GCC_C_LANGUAGE_STANDARD = gnu11;
				GCC_NO_COMMON_BLOCKS = YES;
				GCC_WARN_64_TO_32_BIT_CONVERSION = YES;
				GCC_WARN_ABOUT_RETURN_TYPE = YES_ERROR;
				GCC_WARN_UNDECLARED_SELECTOR = YES;
				GCC_WARN_UNINITIALIZED_AUTOS = YES_AGGRESSIVE;
				GCC_WARN_UNUSED_FUNCTION = YES;
				GCC_WARN_UNUSED_VARIABLE = YES;
				IPHONEOS_DEPLOYMENT_TARGET = 13.1;
				MTL_ENABLE_DEBUG_INFO = NO;
				MTL_FAST_MATH = YES;
				SDKROOT = iphoneos;
				SWIFT_COMPILATION_MODE = wholemodule;
				SWIFT_OPTIMIZATION_LEVEL = "-O";
				VALIDATE_PRODUCT = YES;
			};
			name = "Release (Production)";
		};
		4D1233F924411C0900AF5DCE /* Release (Production) */ = {
			isa = XCBuildConfiguration;
			buildSettings = {
				ASSETCATALOG_COMPILER_APPICON_NAME = AppIcon;
				CODE_SIGN_STYLE = Automatic;
				INFOPLIST_FILE = stash/Info.plist;
				LD_RUNPATH_SEARCH_PATHS = (
					"$(inherited)",
					"@executable_path/Frameworks",
				);
				PRODUCT_BUNDLE_IDENTIFIER = boomer.stash;
				PRODUCT_NAME = "$(TARGET_NAME)";
				SWIFT_ACTIVE_COMPILATION_CONDITIONS = PRODUCTION;
				SWIFT_VERSION = 5.0;
				TARGETED_DEVICE_FAMILY = "1,2";
			};
			name = "Release (Production)";
		};
		4D1233FA24411C0900AF5DCE /* Release (Production) */ = {
			isa = XCBuildConfiguration;
			buildSettings = {
				ALWAYS_EMBED_SWIFT_STANDARD_LIBRARIES = YES;
				BUNDLE_LOADER = "$(TEST_HOST)";
				CODE_SIGN_STYLE = Automatic;
				INFOPLIST_FILE = stashTests/Info.plist;
				IPHONEOS_DEPLOYMENT_TARGET = 13.1;
				LD_RUNPATH_SEARCH_PATHS = (
					"$(inherited)",
					"@executable_path/Frameworks",
					"@loader_path/Frameworks",
				);
				PRODUCT_BUNDLE_IDENTIFIER = boomer.stashTests;
				PRODUCT_NAME = "$(TARGET_NAME)";
				SWIFT_VERSION = 5.0;
				TARGETED_DEVICE_FAMILY = "1,2";
				TEST_HOST = "$(BUILT_PRODUCTS_DIR)/stash.app/stash";
			};
			name = "Release (Production)";
		};
		4D1233FB24411C0900AF5DCE /* Release (Production) */ = {
			isa = XCBuildConfiguration;
			buildSettings = {
				ALWAYS_EMBED_SWIFT_STANDARD_LIBRARIES = YES;
				CODE_SIGN_STYLE = Automatic;
				INFOPLIST_FILE = stashUITests/Info.plist;
				LD_RUNPATH_SEARCH_PATHS = (
					"$(inherited)",
					"@executable_path/Frameworks",
					"@loader_path/Frameworks",
				);
				PRODUCT_BUNDLE_IDENTIFIER = boomer.stashUITests;
				PRODUCT_NAME = "$(TARGET_NAME)";
				SWIFT_VERSION = 5.0;
				TARGETED_DEVICE_FAMILY = "1,2";
				TEST_TARGET_NAME = stash;
			};
			name = "Release (Production)";
		};
/* End XCBuildConfiguration section */

/* Begin XCConfigurationList section */
		4D122558243E629700D2C620 /* Build configuration list for PBXProject "stash" */ = {
			isa = XCConfigurationList;
			buildConfigurations = (
				4D1233E424411B9000AF5DCE /* Debug (Development) */,
				4D1233F424411BFB00AF5DCE /* Debug (Production) */,
				4D1233E824411BB100AF5DCE /* Debug (Staging) */,
				4D1233EC24411BCD00AF5DCE /* Release (Development) */,
				4D1233F824411C0900AF5DCE /* Release (Production) */,
				4D1233F024411BDF00AF5DCE /* Release (Staging) */,
			);
			defaultConfigurationIsVisible = 0;
			defaultConfigurationName = "Debug (Development)";
		};
		4D122587243E629800D2C620 /* Build configuration list for PBXNativeTarget "stash" */ = {
			isa = XCConfigurationList;
			buildConfigurations = (
				4D1233E524411B9000AF5DCE /* Debug (Development) */,
				4D1233F524411BFB00AF5DCE /* Debug (Production) */,
				4D1233E924411BB100AF5DCE /* Debug (Staging) */,
				4D1233ED24411BCD00AF5DCE /* Release (Development) */,
				4D1233F924411C0900AF5DCE /* Release (Production) */,
				4D1233F124411BDF00AF5DCE /* Release (Staging) */,
			);
			defaultConfigurationIsVisible = 0;
			defaultConfigurationName = "Debug (Development)";
		};
		4D12258A243E629800D2C620 /* Build configuration list for PBXNativeTarget "stashTests" */ = {
			isa = XCConfigurationList;
			buildConfigurations = (
				4D1233E624411B9000AF5DCE /* Debug (Development) */,
				4D1233F624411BFB00AF5DCE /* Debug (Production) */,
				4D1233EA24411BB100AF5DCE /* Debug (Staging) */,
				4D1233EE24411BCD00AF5DCE /* Release (Development) */,
				4D1233FA24411C0900AF5DCE /* Release (Production) */,
				4D1233F224411BDF00AF5DCE /* Release (Staging) */,
			);
			defaultConfigurationIsVisible = 0;
			defaultConfigurationName = "Debug (Development)";
		};
		4D12258D243E629800D2C620 /* Build configuration list for PBXNativeTarget "stashUITests" */ = {
			isa = XCConfigurationList;
			buildConfigurations = (
				4D1233E724411B9000AF5DCE /* Debug (Development) */,
				4D1233F724411BFB00AF5DCE /* Debug (Production) */,
				4D1233EB24411BB100AF5DCE /* Debug (Staging) */,
				4D1233EF24411BCD00AF5DCE /* Release (Development) */,
				4D1233FB24411C0900AF5DCE /* Release (Production) */,
				4D1233F324411BDF00AF5DCE /* Release (Staging) */,
			);
			defaultConfigurationIsVisible = 0;
			defaultConfigurationName = "Debug (Development)";
		};
/* End XCConfigurationList section */
	};
	rootObject = 4D122555243E629700D2C620 /* Project object */;
}
